
Microsoft Visual Studio Solution File, Format Version 12.00
# Visual Studio 15
Project("{FAE04EC0-301F-11D3-BF4B-00C04F79EFBC}") = "WebCrawler", "WebCrawler.csproj", "{C3394FB0-A81D-46F7-9F86-636BAA4C73FD}"
EndProject
Global
	GlobalSection(SolutionConfigurationPlatforms) = preSolution
		Debug|Any CPU = Debug|Any CPU
		Release|Any CPU = Release|Any CPU
	EndGlobalSection
	GlobalSection(ProjectConfigurationPlatforms) = postSolution
		{C3394FB0-A81D-46F7-9F86-636BAA4C73FD}.Debug|Any CPU.ActiveCfg = Debug|Any CPU
		{C3394FB0-A81D-46F7-9F86-636BAA4C73FD}.Debug|Any CPU.Build.0 = Debug|Any CPU
		{C3394FB0-A81D-46F7-9F86-636BAA4C73FD}.Release|Any CPU.ActiveCfg = Release|Any CPU
		{C3394FB0-A81D-46F7-9F86-636BAA4C73FD}.Release|Any CPU.Build.0 = Release|Any CPU
	EndGlobalSection
EndGlobal
